{
  "name": "web-app",
  "version": "1.0.0",
  "dependencies": {
    "asap": {
      "version": "2.0.5",
      "from": "asap@>=2.0.3 <2.1.0",
      "resolved": "https://registry.npmjs.org/asap/-/asap-2.0.5.tgz"
    },
    "asynckit": {
      "version": "0.4.0",
      "from": "asynckit@>=0.4.0 <0.5.0",
      "resolved": "https://registry.npmjs.org/asynckit/-/asynckit-0.4.0.tgz"
    },
    "auth0-js": {
      "version": "8.2.0",
      "from": "auth0-js@8.2.0",
      "resolved": "https://registry.npmjs.org/auth0-js/-/auth0-js-8.2.0.tgz"
    },
    "auth0-lock": {
      "version": "10.11.0",
      "from": "auth0-lock@latest",
      "resolved": "https://registry.npmjs.org/auth0-lock/-/auth0-lock-10.11.0.tgz",
      "dependencies": {
        "fbjs": {
          "version": "0.3.2",
          "from": "fbjs@>=0.3.1 <0.4.0",
          "resolved": "https://registry.npmjs.org/fbjs/-/fbjs-0.3.2.tgz"
        },
        "whatwg-fetch": {
          "version": "0.9.0",
          "from": "whatwg-fetch@>=0.9.0 <0.10.0",
          "resolved": "https://registry.npmjs.org/whatwg-fetch/-/whatwg-fetch-0.9.0.tgz"
        }
      }
    },
    "base64-js": {
      "version": "1.2.0",
      "from": "base64-js@>=1.0.2 <2.0.0",
      "resolved": "https://registry.npmjs.org/base64-js/-/base64-js-1.2.0.tgz"
    },
    "blueimp-md5": {
      "version": "2.3.1",
      "from": "blueimp-md5@2.3.1",
      "resolved": "https://registry.npmjs.org/blueimp-md5/-/blueimp-md5-2.3.1.tgz"
    },
    "buffer-shims": {
      "version": "1.0.0",
      "from": "buffer-shims@>=1.0.0 <2.0.0",
      "resolved": "https://registry.npmjs.org/buffer-shims/-/buffer-shims-1.0.0.tgz"
    },
    "classnames": {
      "version": "2.2.5",
      "from": "classnames@latest",
      "resolved": "https://registry.npmjs.org/classnames/-/classnames-2.2.5.tgz"
    },
    "combined-stream": {
      "version": "1.0.5",
      "from": "combined-stream@>=1.0.5 <2.0.0",
      "resolved": "https://registry.npmjs.org/combined-stream/-/combined-stream-1.0.5.tgz"
    },
    "component-emitter": {
      "version": "1.2.1",
      "from": "component-emitter@>=1.2.0 <2.0.0",
      "resolved": "https://registry.npmjs.org/component-emitter/-/component-emitter-1.2.1.tgz"
    },
    "cookiejar": {
      "version": "2.1.0",
      "from": "cookiejar@>=2.0.6 <3.0.0",
      "resolved": "https://registry.npmjs.org/cookiejar/-/cookiejar-2.1.0.tgz"
    },
    "core-js": {
      "version": "1.2.7",
      "from": "https://registry.npmjs.org/core-js/-/core-js-1.2.7.tgz",
      "resolved": "https://registry.npmjs.org/core-js/-/core-js-1.2.7.tgz"
    },
    "core-util-is": {
      "version": "1.0.2",
      "from": "core-util-is@>=1.0.0 <1.1.0",
      "resolved": "https://registry.npmjs.org/core-util-is/-/core-util-is-1.0.2.tgz"
    },
    "crypto-js": {
      "version": "3.1.9-1",
      "from": "crypto-js@>=3.1.9-1 <4.0.0",
      "resolved": "https://registry.npmjs.org/crypto-js/-/crypto-js-3.1.9-1.tgz"
    },
    "debug": {
      "version": "2.2.0",
      "from": "debug@>=2.2.0 <3.0.0",
      "resolved": "https://registry.npmjs.org/debug/-/debug-2.2.0.tgz"
    },
    "delayed-stream": {
      "version": "1.0.0",
      "from": "delayed-stream@>=1.0.0 <1.1.0",
      "resolved": "https://registry.npmjs.org/delayed-stream/-/delayed-stream-1.0.0.tgz"
    },
    "element-class": {
      "version": "0.2.2",
      "from": "element-class@>=0.2.0 <0.3.0",
      "resolved": "https://registry.npmjs.org/element-class/-/element-class-0.2.2.tgz"
    },
    "encoding": {
      "version": "0.1.12",
      "from": "encoding@>=0.1.11 <0.2.0",
      "resolved": "https://registry.npmjs.org/encoding/-/encoding-0.1.12.tgz"
    },
    "exenv": {
      "version": "1.2.0",
      "from": "exenv@1.2.0",
      "resolved": "https://registry.npmjs.org/exenv/-/exenv-1.2.0.tgz"
    },
    "extend": {
      "version": "3.0.0",
      "from": "extend@>=3.0.0 <4.0.0",
      "resolved": "https://registry.npmjs.org/extend/-/extend-3.0.0.tgz"
    },
    "fbjs": {
      "version": "0.8.9",
      "from": "fbjs@>=0.8.4 <0.9.0",
      "resolved": "https://registry.npmjs.org/fbjs/-/fbjs-0.8.9.tgz"
    },
    "form-data": {
      "version": "2.1.1",
      "from": "form-data@>=2.0.0 <3.0.0",
      "resolved": "https://registry.npmjs.org/form-data/-/form-data-2.1.1.tgz"
    },
    "formidable": {
      "version": "1.1.1",
      "from": "formidable@>=1.1.1 <2.0.0",
      "resolved": "https://registry.npmjs.org/formidable/-/formidable-1.1.1.tgz"
    },
    "history": {
      "version": "4.6.0",
      "from": "history@>=4.5.1 <5.0.0",
      "resolved": "https://registry.npmjs.org/history/-/history-4.6.0.tgz"
    },
    "hoist-non-react-statics": {
      "version": "1.2.0",
      "from": "hoist-non-react-statics@>=1.0.3 <2.0.0",
      "resolved": "https://registry.npmjs.org/hoist-non-react-statics/-/hoist-non-react-statics-1.2.0.tgz"
    },
    "iconv-lite": {
      "version": "0.4.15",
      "from": "iconv-lite@>=0.4.13 <0.5.0",
      "resolved": "https://registry.npmjs.org/iconv-lite/-/iconv-lite-0.4.15.tgz"
    },
    "idtoken-verifier": {
      "version": "1.0.1",
      "from": "idtoken-verifier@>=1.0.1 <2.0.0",
      "resolved": "https://registry.npmjs.org/idtoken-verifier/-/idtoken-verifier-1.0.1.tgz"
    },
    "immutable": {
      "version": "3.8.1",
      "from": "immutable@>=3.7.3 <4.0.0",
      "resolved": "https://registry.npmjs.org/immutable/-/immutable-3.8.1.tgz"
    },
    "inherits": {
      "version": "2.0.3",
      "from": "inherits@>=2.0.0 <3.0.0",
      "resolved": "https://registry.npmjs.org/inherits/-/inherits-2.0.3.tgz"
    },
    "invariant": {
      "version": "2.2.1",
      "from": "invariant@>=2.2.0 <3.0.0",
      "resolved": "https://registry.npmjs.org/invariant/-/invariant-2.2.1.tgz"
    },
    "is-stream": {
      "version": "1.1.0",
      "from": "is-stream@>=1.0.1 <2.0.0",
      "resolved": "https://registry.npmjs.org/is-stream/-/is-stream-1.1.0.tgz"
    },
    "isarray": {
      "version": "0.0.1",
      "from": "isarray@0.0.1",
      "resolved": "https://registry.npmjs.org/isarray/-/isarray-0.0.1.tgz"
    },
    "isomorphic-fetch": {
      "version": "2.2.1",
      "from": "isomorphic-fetch@>=2.1.1 <3.0.0",
      "resolved": "https://registry.npmjs.org/isomorphic-fetch/-/isomorphic-fetch-2.2.1.tgz"
    },
    "js-tokens": {
      "version": "2.0.0",
      "from": "js-tokens@>=2.0.0 <3.0.0",
      "resolved": "https://registry.npmjs.org/js-tokens/-/js-tokens-2.0.0.tgz"
    },
    "jsbn": {
      "version": "0.1.0",
      "from": "jsbn@>=0.1.0 <0.2.0",
      "resolved": "https://registry.npmjs.org/jsbn/-/jsbn-0.1.0.tgz"
    },
    "jsonp": {
      "version": "0.2.1",
      "from": "jsonp@>=0.2.0 <0.3.0",
      "resolved": "https://registry.npmjs.org/jsonp/-/jsonp-0.2.1.tgz"
    },
    "leaflet": {
      "version": "1.0.3",
      "from": "leaflet@1.0.3",
      "resolved": "https://registry.npmjs.org/leaflet/-/leaflet-1.0.3.tgz"
    },
    "leaflet-routing-machine": {
      "version": "3.2.5",
      "from": "leaflet-routing-machine@>=3.2.5 <4.0.0",
      "resolved": "https://registry.npmjs.org/leaflet-routing-machine/-/leaflet-routing-machine-3.2.5.tgz"
    },
    "lodash": {
      "version": "4.16.6",
      "from": "https://registry.npmjs.org/lodash/-/lodash-4.16.6.tgz",
      "resolved": "https://registry.npmjs.org/lodash/-/lodash-4.16.6.tgz"
    },
    "lodash-es": {
      "version": "4.17.2",
      "from": "lodash-es@>=4.2.1 <5.0.0",
      "resolved": "https://registry.npmjs.org/lodash-es/-/lodash-es-4.17.2.tgz"
    },
    "lodash.assign": {
      "version": "4.2.0",
      "from": "lodash.assign@>=4.2.0 <5.0.0",
      "resolved": "https://registry.npmjs.org/lodash.assign/-/lodash.assign-4.2.0.tgz"
    },
    "loose-envify": {
      "version": "1.3.0",
      "from": "loose-envify@>=1.1.0 <2.0.0",
      "resolved": "https://registry.npmjs.org/loose-envify/-/loose-envify-1.3.0.tgz"
    },
    "methods": {
      "version": "1.1.2",
      "from": "methods@>=1.1.2 <1.2.0",
      "resolved": "https://registry.npmjs.org/methods/-/methods-1.1.2.tgz"
    },
    "mime": {
      "version": "1.3.4",
      "from": "mime@1.3.4",
      "resolved": "https://registry.npmjs.org/mime/-/mime-1.3.4.tgz"
    },
    "mime-db": {
      "version": "1.24.0",
      "from": "mime-db@>=1.24.0 <1.25.0",
      "resolved": "https://registry.npmjs.org/mime-db/-/mime-db-1.24.0.tgz"
    },
    "mime-types": {
      "version": "2.1.12",
      "from": "mime-types@>=2.1.12 <3.0.0",
      "resolved": "https://registry.npmjs.org/mime-types/-/mime-types-2.1.12.tgz"
    },
    "moment": {
      "version": "2.17.1",
      "from": "moment@2.17.1",
      "resolved": "https://registry.npmjs.org/moment/-/moment-2.17.1.tgz"
    },
    "ms": {
      "version": "0.7.1",
      "from": "ms@0.7.1",
      "resolved": "https://registry.npmjs.org/ms/-/ms-0.7.1.tgz"
    },
    "node-fetch": {
      "version": "1.6.3",
      "from": "node-fetch@>=1.0.1 <2.0.0",
      "resolved": "https://registry.npmjs.org/node-fetch/-/node-fetch-1.6.3.tgz"
    },
    "object-assign": {
      "version": "4.1.0",
      "from": "object-assign@>=4.1.0 <5.0.0",
      "resolved": "https://registry.npmjs.org/object-assign/-/object-assign-4.1.0.tgz"
    },
    "osrm-text-instructions": {
      "version": "0.1.0",
      "from": "osrm-text-instructions@>=0.1.0 <0.2.0",
      "resolved": "https://registry.npmjs.org/osrm-text-instructions/-/osrm-text-instructions-0.1.0.tgz"
    },
    "password-sheriff": {
      "version": "1.1.0",
      "from": "password-sheriff@>=1.0.0 <2.0.0",
      "resolved": "https://registry.npmjs.org/password-sheriff/-/password-sheriff-1.1.0.tgz"
    },
    "phoenix": {
      "version": "1.2.1",
      "from": "phoenix@latest",
      "resolved": "https://registry.npmjs.org/phoenix/-/phoenix-1.2.1.tgz"
    },
    "phoenix-socket": {
      "version": "1.1.3",
      "from": "https://registry.npmjs.org/phoenix-socket/-/phoenix-socket-1.1.3.tgz",
      "resolved": "https://registry.npmjs.org/phoenix-socket/-/phoenix-socket-1.1.3.tgz"
    },
    "process-nextick-args": {
      "version": "1.0.7",
      "from": "process-nextick-args@>=1.0.6 <1.1.0",
      "resolved": "https://registry.npmjs.org/process-nextick-args/-/process-nextick-args-1.0.7.tgz"
    },
    "promise": {
      "version": "7.1.1",
      "from": "promise@>=7.1.1 <8.0.0",
      "resolved": "https://registry.npmjs.org/promise/-/promise-7.1.1.tgz"
    },
    "qs": {
      "version": "6.3.0",
      "from": "qs@>=6.3.0 <6.4.0",
      "resolved": "https://registry.npmjs.org/qs/-/qs-6.3.0.tgz"
    },
    "react": {
      "version": "15.4.2",
      "from": "react@15.4.2",
      "resolved": "https://registry.npmjs.org/react/-/react-15.4.2.tgz"
    },
    "react-addons-css-transition-group": {
      "version": "15.4.2",
      "from": "react-addons-css-transition-group@>=15.0.0 <16.0.0||>=16.0.0 <17.0.0",
      "resolved": "https://registry.npmjs.org/react-addons-css-transition-group/-/react-addons-css-transition-group-15.4.2.tgz"
    },
    "react-dom": {
      "version": "15.4.2",
      "from": "react-dom@15.4.2",
      "resolved": "https://registry.npmjs.org/react-dom/-/react-dom-15.4.2.tgz"
    },
    "react-modal": {
      "version": "1.7.3",
      "from": "react-modal@latest",
      "resolved": "https://registry.npmjs.org/react-modal/-/react-modal-1.7.3.tgz"
    },
    "react-redux": {
      "version": "4.4.6",
      "from": "https://registry.npmjs.org/react-redux/-/react-redux-4.4.6.tgz",
      "resolved": "https://registry.npmjs.org/react-redux/-/react-redux-4.4.6.tgz"
    },
    "react-router": {
      "version": "4.0.0",
      "from": "react-router@>=4.0.0 <5.0.0",
      "resolved": "https://registry.npmjs.org/react-router/-/react-router-4.0.0.tgz",
      "dependencies": {
        "invariant": {
          "version": "2.2.2",
          "from": "invariant@>=2.2.2 <3.0.0",
          "resolved": "https://registry.npmjs.org/invariant/-/invariant-2.2.2.tgz"
        },
        "js-tokens": {
          "version": "3.0.1",
          "from": "js-tokens@>=3.0.0 <4.0.0",
          "resolved": "https://registry.npmjs.org/js-tokens/-/js-tokens-3.0.1.tgz"
        },
        "loose-envify": {
          "version": "1.3.1",
          "from": "loose-envify@>=1.3.1 <2.0.0",
          "resolved": "https://registry.npmjs.org/loose-envify/-/loose-envify-1.3.1.tgz"
        },
        "path-to-regexp": {
          "version": "1.7.0",
          "from": "path-to-regexp@>=1.5.3 <2.0.0",
          "resolved": "https://registry.npmjs.org/path-to-regexp/-/path-to-regexp-1.7.0.tgz"
        }
      }
    },
    "react-router-dom": {
      "version": "4.0.0",
      "from": "react-router-dom@latest",
      "resolved": "https://registry.npmjs.org/react-router-dom/-/react-router-dom-4.0.0.tgz"
    },
    "redux": {
      "version": "3.6.0",
      "from": "redux@latest",
      "resolved": "https://registry.npmjs.org/redux/-/redux-3.6.0.tgz"
    },
    "redux-thunk": {
      "version": "2.2.0",
      "from": "redux-thunk@>=2.1.0 <3.0.0",
      "resolved": "https://registry.npmjs.org/redux-thunk/-/redux-thunk-2.2.0.tgz"
    },
    "resolve-pathname": {
      "version": "2.0.2",
      "from": "resolve-pathname@>=2.0.0 <3.0.0",
      "resolved": "https://registry.npmjs.org/resolve-pathname/-/resolve-pathname-2.0.2.tgz"
    },
    "setimmediate": {
      "version": "1.0.5",
      "from": "setimmediate@>=1.0.5 <2.0.0",
      "resolved": "https://registry.npmjs.org/setimmediate/-/setimmediate-1.0.5.tgz"
    },
    "string_decoder": {
      "version": "0.10.31",
      "from": "string_decoder@>=0.10.0 <0.11.0",
      "resolved": "https://registry.npmjs.org/string_decoder/-/string_decoder-0.10.31.tgz"
    },
    "superagent": {
      "version": "3.5.0",
      "from": "superagent@>=3.3.1 <4.0.0",
      "resolved": "https://registry.npmjs.org/superagent/-/superagent-3.5.0.tgz",
      "dependencies": {
        "isarray": {
          "version": "1.0.0",
          "from": "isarray@>=1.0.0 <1.1.0",
          "resolved": "https://registry.npmjs.org/isarray/-/isarray-1.0.0.tgz"
        },
        "readable-stream": {
          "version": "2.2.3",
          "from": "readable-stream@>=2.0.5 <3.0.0",
          "resolved": "https://registry.npmjs.org/readable-stream/-/readable-stream-2.2.3.tgz"
        }
      }
    },
    "symbol-observable": {
      "version": "1.0.4",
      "from": "symbol-observable@>=1.0.2 <2.0.0",
      "resolved": "https://registry.npmjs.org/symbol-observable/-/symbol-observable-1.0.4.tgz"
    },
    "trim": {
      "version": "0.0.1",
      "from": "trim@0.0.1",
      "resolved": "https://registry.npmjs.org/trim/-/trim-0.0.1.tgz"
    },
    "ua-parser-js": {
      "version": "0.7.12",
      "from": "ua-parser-js@>=0.7.9 <0.8.0",
      "resolved": "https://registry.npmjs.org/ua-parser-js/-/ua-parser-js-0.7.12.tgz"
    },
    "url-join": {
      "version": "1.1.0",
      "from": "url-join@>=1.1.0 <2.0.0",
      "resolved": "https://registry.npmjs.org/url-join/-/url-join-1.1.0.tgz"
    },
    "util-deprecate": {
      "version": "1.0.2",
      "from": "util-deprecate@>=1.0.1 <1.1.0",
      "resolved": "https://registry.npmjs.org/util-deprecate/-/util-deprecate-1.0.2.tgz"
    },
    "value-equal": {
      "version": "0.2.0",
      "from": "value-equal@>=0.2.0 <0.3.0",
      "resolved": "https://registry.npmjs.org/value-equal/-/value-equal-0.2.0.tgz"
    },
    "warning": {
      "version": "3.0.0",
      "from": "warning@>=3.0.0 <4.0.0",
      "resolved": "https://registry.npmjs.org/warning/-/warning-3.0.0.tgz"
    },
    "whatwg-fetch": {
      "version": "2.0.2",
      "from": "whatwg-fetch@>=0.10.0",
      "resolved": "https://registry.npmjs.org/whatwg-fetch/-/whatwg-fetch-2.0.2.tgz"
    },
    "winchan": {
      "version": "0.1.4",
      "from": "winchan@>=0.1.4 <0.2.0",
      "resolved": "https://registry.npmjs.org/winchan/-/winchan-0.1.4.tgz"
    }
  }
}
